
Microsoft Visual Studio Solution File, Format Version 12.00
# Visual Studio Version 16
VisualStudioVersion = 16.0.32106.194
MinimumVisualStudioVersion = 10.0.40219.1
Project("{FAE04EC0-301F-11D3-BF4B-00C04F79EFBC}") = "ClassesAndRecords", "ClassesAndRecords\ClassesAndRecords.csproj", "{DE41AED1-B026-4E1E-B7CF-97B60AC6559D}"
EndProject
Global
	GlobalSection(SolutionConfigurationPlatforms) = preSolution
		Debug|Any CPU = Debug|Any CPU
		Release|Any CPU = Release|Any CPU
	EndGlobalSection
	GlobalSection(ProjectConfigurationPlatforms) = postSolution
		{DE41AED1-B026-4E1E-B7CF-97B60AC6559D}.Debug|Any CPU.ActiveCfg = Debug|Any CPU
		{DE41AED1-B026-4E1E-B7CF-97B60AC6559D}.Debug|Any CPU.Build.0 = Debug|Any CPU
		{DE41AED1-B026-4E1E-B7CF-97B60AC6559D}.Release|Any CPU.ActiveCfg = Release|Any CPU
		{DE41AED1-B026-4E1E-B7CF-97B60AC6559D}.Release|Any CPU.Build.0 = Release|Any CPU
	EndGlobalSection
	GlobalSection(SolutionProperties) = preSolution
		HideSolutionNode = FALSE
	EndGlobalSection
	GlobalSection(ExtensibilityGlobals) = postSolution
		SolutionGuid = {CE1E0BB0-42FE-4DA6-ACA5-0B4163915752}
	EndGlobalSection
EndGlobal
